
Microsoft Visual Studio Solution File, Format Version 12.00
# Visual Studio 15
VisualStudioVersion = 15.0.27703.1
MinimumVisualStudioVersion = 10.0.40219.1
Project("{FAE04EC0-301F-11D3-BF4B-00C04F79EFBC}") = "LogParser", "Log Parser\LogParser.csproj", "{417DD905-7196-488C-A667-4BCC7947A67D}"
EndProject
Project("{FAE04EC0-301F-11D3-BF4B-00C04F79EFBC}") = "LogParserLib", "LogParserLib\LogParserLib.csproj", "{C34EACBC-DB1E-4B0E-AE2C-5D5BCDE76D0C}"
EndProject
Project("{FAE04EC0-301F-11D3-BF4B-00C04F79EFBC}") = "LogParser.Test", "LogParser.Test\LogParser.Test.csproj", "{09CFA2BF-9C11-4B6C-8760-8D45DA796EA6}"
EndProject
Global
	GlobalSection(SolutionConfigurationPlatforms) = preSolution
		Debug|Any CPU = Debug|Any CPU
		Release|Any CPU = Release|Any CPU
	EndGlobalSection
	GlobalSection(ProjectConfigurationPlatforms) = postSolution
		{417DD905-7196-488C-A667-4BCC7947A67D}.Debug|Any CPU.ActiveCfg = Debug|Any CPU
		{417DD905-7196-488C-A667-4BCC7947A67D}.Debug|Any CPU.Build.0 = Debug|Any CPU
		{417DD905-7196-488C-A667-4BCC7947A67D}.Release|Any CPU.ActiveCfg = Release|Any CPU
		{417DD905-7196-488C-A667-4BCC7947A67D}.Release|Any CPU.Build.0 = Release|Any CPU
		{C34EACBC-DB1E-4B0E-AE2C-5D5BCDE76D0C}.Debug|Any CPU.ActiveCfg = Debug|Any CPU
		{C34EACBC-DB1E-4B0E-AE2C-5D5BCDE76D0C}.Debug|Any CPU.Build.0 = Debug|Any CPU
		{C34EACBC-DB1E-4B0E-AE2C-5D5BCDE76D0C}.Release|Any CPU.ActiveCfg = Release|Any CPU
		{C34EACBC-DB1E-4B0E-AE2C-5D5BCDE76D0C}.Release|Any CPU.Build.0 = Release|Any CPU
		{09CFA2BF-9C11-4B6C-8760-8D45DA796EA6}.Debug|Any CPU.ActiveCfg = Debug|Any CPU
		{09CFA2BF-9C11-4B6C-8760-8D45DA796EA6}.Debug|Any CPU.Build.0 = Debug|Any CPU
		{09CFA2BF-9C11-4B6C-8760-8D45DA796EA6}.Release|Any CPU.ActiveCfg = Release|Any CPU
		{09CFA2BF-9C11-4B6C-8760-8D45DA796EA6}.Release|Any CPU.Build.0 = Release|Any CPU
	EndGlobalSection
	GlobalSection(SolutionProperties) = preSolution
		HideSolutionNode = FALSE
	EndGlobalSection
	GlobalSection(ExtensibilityGlobals) = postSolution
		SolutionGuid = {81D56DD2-2DA0-4CF0-B511-D40D851DF79E}
	EndGlobalSection
EndGlobal
